// !$*UTF8*$!
{
	archiveVersion = 1;
	classes = {
	};
	objectVersion = 46;
	objects = {

/* Begin PBXBuildFile section */
		2518B14F1C80633100ED84A8 /* AppDelegate.swift in Sources */ = {isa = PBXBuildFile; fileRef = 2518B14E1C80633100ED84A8 /* AppDelegate.swift */; };
		2518B1511C80633100ED84A8 /* ViewController.swift in Sources */ = {isa = PBXBuildFile; fileRef = 2518B1501C80633100ED84A8 /* ViewController.swift */; };
		2518B1541C80633100ED84A8 /* Main.storyboard in Resources */ = {isa = PBXBuildFile; fileRef = 2518B1521C80633100ED84A8 /* Main.storyboard */; };
		2518B1561C80633100ED84A8 /* Assets.xcassets in Resources */ = {isa = PBXBuildFile; fileRef = 2518B1551C80633100ED84A8 /* Assets.xcassets */; };
		2518B1591C80633100ED84A8 /* LaunchScreen.storyboard in Resources */ = {isa = PBXBuildFile; fileRef = 2518B1571C80633100ED84A8 /* LaunchScreen.storyboard */; };
		9DBA91641C81CDEC00F52B30 /* receipt in Resources */ = {isa = PBXBuildFile; fileRef = 9DBA91631C81CDEC00F52B30 /* receipt */; };
/* End PBXBuildFile section */

/* Begin PBXFileReference section */
		2518B14B1C80633100ED84A8 /* Demo-iOS.app */ = {isa = PBXFileReference; explicitFileType = wrapper.application; includeInIndex = 0; path = "Demo-iOS.app"; sourceTree = BUILT_PRODUCTS_DIR; };
		2518B14E1C80633100ED84A8 /* AppDelegate.swift */ = {isa = PBXFileReference; lastKnownFileType = sourcecode.swift; path = AppDelegate.swift; sourceTree = "<group>"; };
		2518B1501C80633100ED84A8 /* ViewController.swift */ = {isa = PBXFileReference; lastKnownFileType = sourcecode.swift; path = ViewController.swift; sourceTree = "<group>"; };
		2518B1531C80633100ED84A8 /* Base */ = {isa = PBXFileReference; lastKnownFileType = file.storyboard; name = Base; path = Base.lproj/Main.storyboard; sourceTree = "<group>"; };
		2518B1551C80633100ED84A8 /* Assets.xcassets */ = {isa = PBXFileReference; lastKnownFileType = folder.assetcatalog; path = Assets.xcassets; sourceTree = "<group>"; };
		2518B1581C80633100ED84A8 /* Base */ = {isa = PBXFileReference; lastKnownFileType = file.storyboard; name = Base; path = Base.lproj/LaunchScreen.storyboard; sourceTree = "<group>"; };
		2518B15A1C80633100ED84A8 /* Info.plist */ = {isa = PBXFileReference; lastKnownFileType = text.plist.xml; path = Info.plist; sourceTree = "<group>"; };
		9DBA91631C81CDEC00F52B30 /* receipt */ = {isa = PBXFileReference; lastKnownFileType = file; path = receipt; sourceTree = "<group>"; };
/* End PBXFileReference section */

/* Begin PBXFrameworksBuildPhase section */
		2518B1481C80633100ED84A8 /* Frameworks */ = {
			isa = PBXFrameworksBuildPhase;
			buildActionMask = 2147483647;
			files = (
			);
			runOnlyForDeploymentPostprocessing = 0;
		};
/* End PBXFrameworksBuildPhase section */

/* Begin PBXGroup section */
		2518B1421C80633100ED84A8 = {
			isa = PBXGroup;
			children = (
				2518B14D1C80633100ED84A8 /* KeelhaulDemo */,
				2518B14C1C80633100ED84A8 /* Products */,
			);
			sourceTree = "<group>";
		};
		2518B14C1C80633100ED84A8 /* Products */ = {
			isa = PBXGroup;
			children = (
				2518B14B1C80633100ED84A8 /* Demo-iOS.app */,
			);
			name = Products;
			sourceTree = "<group>";
		};
		2518B14D1C80633100ED84A8 /* KeelhaulDemo */ = {
			isa = PBXGroup;
			children = (
				2518B14E1C80633100ED84A8 /* AppDelegate.swift */,
				2518B1501C80633100ED84A8 /* ViewController.swift */,
				9DBA91651C81CDF600F52B30 /* Resources */,
			);
			path = KeelhaulDemo;
			sourceTree = "<group>";
		};
		9DBA91651C81CDF600F52B30 /* Resources */ = {
			isa = PBXGroup;
			children = (
				2518B1521C80633100ED84A8 /* Main.storyboard */,
				2518B1551C80633100ED84A8 /* Assets.xcassets */,
				2518B1571C80633100ED84A8 /* LaunchScreen.storyboard */,
				2518B15A1C80633100ED84A8 /* Info.plist */,
				9DBA91631C81CDEC00F52B30 /* receipt */,
			);
			name = Resources;
			sourceTree = "<group>";
		};
/* End PBXGroup section */

/* Begin PBXNativeTarget section */
		2518B14A1C80633100ED84A8 /* Demo-iOS */ = {
			isa = PBXNativeTarget;
			buildConfigurationList = 2518B15D1C80633100ED84A8 /* Build configuration list for PBXNativeTarget "Demo-iOS" */;
			buildPhases = (
				2518B1471C80633100ED84A8 /* Sources */,
				2518B1481C80633100ED84A8 /* Frameworks */,
				2518B1491C80633100ED84A8 /* Resources */,
			);
			buildRules = (
			);
			dependencies = (
			);
			name = "Demo-iOS";
			productName = KeelhaulDemo;
			productReference = 2518B14B1C80633100ED84A8 /* Demo-iOS.app */;
			productType = "com.apple.product-type.application";
		};
/* End PBXNativeTarget section */

/* Begin PBXProject section */
		2518B1431C80633100ED84A8 /* Project object */ = {
			isa = PBXProject;
			attributes = {
				LastSwiftUpdateCheck = 0720;
				LastUpgradeCheck = 0720;
				ORGANIZATIONNAME = thoughtbot;
				TargetAttributes = {
					2518B14A1C80633100ED84A8 = {
						CreatedOnToolsVersion = 7.2.1;
					};
				};
			};
			buildConfigurationList = 2518B1461C80633100ED84A8 /* Build configuration list for PBXProject "Demo-iOS" */;
			compatibilityVersion = "Xcode 3.2";
			developmentRegion = English;
			hasScannedForEncodings = 0;
			knownRegions = (
				en,
				Base,
			);
			mainGroup = 2518B1421C80633100ED84A8;
			productRefGroup = 2518B14C1C80633100ED84A8 /* Products */;
			projectDirPath = "";
			projectRoot = "";
			targets = (
				2518B14A1C80633100ED84A8 /* Demo-iOS */,
			);
		};
/* End PBXProject section */

/* Begin PBXResourcesBuildPhase section */
		2518B1491C80633100ED84A8 /* Resources */ = {
			isa = PBXResourcesBuildPhase;
			buildActionMask = 2147483647;
			files = (
				2518B1591C80633100ED84A8 /* LaunchScreen.storyboard in Resources */,
				2518B1561C80633100ED84A8 /* Assets.xcassets in Resources */,
				2518B1541C80633100ED84A8 /* Main.storyboard in Resources */,
				9DBA91641C81CDEC00F52B30 /* receipt in Resources */,
			);
			runOnlyForDeploymentPostprocessing = 0;
		};
/* End PBXResourcesBuildPhase section */

/* Begin PBXSourcesBuildPhase section */
		2518B1471C80633100ED84A8 /* Sources */ = {
			isa = PBXSourcesBuildPhase;
			buildActionMask = 2147483647;
			files = (
				2518B1511C80633100ED84A8 /* ViewController.swift in Sources */,
				2518B14F1C80633100ED84A8 /* AppDelegate.swift in Sources */,
			);
			runOnlyForDeploymentPostprocessing = 0;
		};
/* End PBXSourcesBuildPhase section */

/* Begin PBXVariantGroup section */
		2518B1521C80633100ED84A8 /* Main.storyboard */ = {
			isa = PBXVariantGroup;
			children = (
				2518B1531C80633100ED84A8 /* Base */,
			);
			name = Main.storyboard;
			sourceTree = "<group>";
		};
		2518B1571C80633100ED84A8 /* LaunchScreen.storyboard */ = {
			isa = PBXVariantGroup;
			children = (
				2518B1581C80633100ED84A8 /* Base */,
			);
			name = LaunchScreen.storyboard;
			sourceTree = "<group>";
		};
/* End PBXVariantGroup section */

/* Begin XCBuildConfiguration section */
		2518B15B1C80633100ED84A8 /* Debug */ = {
			isa = XCBuildConfiguration;
			buildSettings = {
				ALWAYS_SEARCH_USER_PATHS = NO;
				CLANG_CXX_LANGUAGE_STANDARD = "gnu++0x";
				CLANG_CXX_LIBRARY = "libc++";
				CLANG_ENABLE_MODULES = YES;
				CLANG_ENABLE_OBJC_ARC = YES;
				CLANG_WARN_BOOL_CONVERSION = YES;
				CLANG_WARN_CONSTANT_CONVERSION = YES;
				CLANG_WARN_DIRECT_OBJC_ISA_USAGE = YES_ERROR;
				CLANG_WARN_EMPTY_BODY = YES;
				CLANG_WARN_ENUM_CONVERSION = YES;
				CLANG_WARN_INT_CONVERSION = YES;
				CLANG_WARN_OBJC_ROOT_CLASS = YES_ERROR;
				CLANG_WARN_UNREACHABLE_CODE = YES;
				CLANG_WARN__DUPLICATE_METHOD_MATCH = YES;
				"CODE_SIGN_IDENTITY[sdk=iphoneos*]" = "iPhone Developer";
				COPY_PHASE_STRIP = NO;
				DEBUG_INFORMATION_FORMAT = dwarf;
				ENABLE_STRICT_OBJC_MSGSEND = YES;
				ENABLE_TESTABILITY = YES;
				GCC_C_LANGUAGE_STANDARD = gnu99;
				GCC_DYNAMIC_NO_PIC = NO;
				GCC_NO_COMMON_BLOCKS = YES;
				GCC_OPTIMIZATION_LEVEL = 0;
				GCC_PREPROCESSOR_DEFINITIONS = (
					"DEBUG=1",
					"$(inherited)",
				);
				GCC_WARN_64_TO_32_BIT_CONVERSION = YES;
				GCC_WARN_ABOUT_RETURN_TYPE = YES_ERROR;
				GCC_WARN_UNDECLARED_SELECTOR = YES;
				GCC_WARN_UNINITIALIZED_AUTOS = YES_AGGRESSIVE;
				GCC_WARN_UNUSED_FUNCTION = YES;
				GCC_WARN_UNUSED_VARIABLE = YES;
				IPHONEOS_DEPLOYMENT_TARGET = 9.2;
				MTL_ENABLE_DEBUG_INFO = YES;
				ONLY_ACTIVE_ARCH = YES;
				SDKROOT = iphoneos;
				SWIFT_OPTIMIZATION_LEVEL = "-Onone";
				TARGETED_DEVICE_FAMILY = "1,2";
			};
			name = Debug;
		};
		2518B15C1C80633100ED84A8 /* Release */ = {
			isa = XCBuildConfiguration;
			buildSettings = {
				ALWAYS_SEARCH_USER_PATHS = NO;
				CLANG_CXX_LANGUAGE_STANDARD = "gnu++0x";
				CLANG_CXX_LIBRARY = "libc++";
				CLANG_ENABLE_MODULES = YES;
				CLANG_ENABLE_OBJC_ARC = YES;
				CLANG_WARN_BOOL_CONVERSION = YES;
				CLANG_WARN_CONSTANT_CONVERSION = YES;
				CLANG_WARN_DIRECT_OBJC_ISA_USAGE = YES_ERROR;
				CLANG_WARN_EMPTY_BODY = YES;
				CLANG_WARN_ENUM_CONVERSION = YES;
				CLANG_WARN_INT_CONVERSION = YES;
				CLANG_WARN_OBJC_ROOT_CLASS = YES_ERROR;
				CLANG_WARN_UNREACHABLE_CODE = YES;
				CLANG_WARN__DUPLICATE_METHOD_MATCH = YES;
				"CODE_SIGN_IDENTITY[sdk=iphoneos*]" = "iPhone Developer";
				COPY_PHASE_STRIP = NO;
				DEBUG_INFORMATION_FORMAT = "dwarf-with-dsym";
				ENABLE_NS_ASSERTIONS = NO;
				ENABLE_STRICT_OBJC_MSGSEND = YES;
				GCC_C_LANGUAGE_STANDARD = gnu99;
				GCC_NO_COMMON_BLOCKS = YES;
				GCC_WARN_64_TO_32_BIT_CONVERSION = YES;
				GCC_WARN_ABOUT_RETURN_TYPE = YES_ERROR;
				GCC_WARN_UNDECLARED_SELECTOR = YES;
				GCC_WARN_UNINITIALIZED_AUTOS = YES_AGGRESSIVE;
				GCC_WARN_UNUSED_FUNCTION = YES;
				GCC_WARN_UNUSED_VARIABLE = YES;
				IPHONEOS_DEPLOYMENT_TARGET = 9.2;
				MTL_ENABLE_DEBUG_INFO = NO;
				SDKROOT = iphoneos;
				TARGETED_DEVICE_FAMILY = "1,2";
				VALIDATE_PRODUCT = YES;
			};
			name = Release;
		};
		2518B15E1C80633100ED84A8 /* Debug */ = {
			isa = XCBuildConfiguration;
			buildSettings = {
				ASSETCATALOG_COMPILER_APPICON_NAME = AppIcon;
				FRAMEWORK_SEARCH_PATHS = (
					"$(SRCROOT)",
					"$(inherited)",
				);
				INFOPLIST_FILE = KeelhaulDemo/Info.plist;
				LD_RUNPATH_SEARCH_PATHS = "$(inherited) @executable_path/Frameworks";
				PRODUCT_BUNDLE_IDENTIFIER = com.thoughtbot.KeelhaulDemo;
				PRODUCT_NAME = "Demo-iOS";
			};
			name = Debug;
		};
		2518B15F1C80633100ED84A8 /* Release */ = {
			isa = XCBuildConfiguration;
			buildSettings = {
				ASSETCATALOG_COMPILER_APPICON_NAME = AppIcon;
				FRAMEWORK_SEARCH_PATHS = (
					"$(SRCROOT)",
					"$(inherited)",
				);
				INFOPLIST_FILE = KeelhaulDemo/Info.plist;
				LD_RUNPATH_SEARCH_PATHS = "$(inherited) @executable_path/Frameworks";
				PRODUCT_BUNDLE_IDENTIFIER = com.thoughtbot.KeelhaulDemo;
				PRODUCT_NAME = "Demo-iOS";
			};
			name = Release;
		};
/* End XCBuildConfiguration section */

/* Begin XCConfigurationList section */
		2518B1461C80633100ED84A8 /* Build configuration list for PBXProject "Demo-iOS" */ = {
			isa = XCConfigurationList;
			buildConfigurations = (
				2518B15B1C80633100ED84A8 /* Debug */,
				2518B15C1C80633100ED84A8 /* Release */,
			);
			defaultConfigurationIsVisible = 0;
			defaultConfigurationName = Release;
		};
		2518B15D1C80633100ED84A8 /* Build configuration list for PBXNativeTarget "Demo-iOS" */ = {
			isa = XCConfigurationList;
			buildConfigurations = (
				2518B15E1C80633100ED84A8 /* Debug */,
				2518B15F1C80633100ED84A8 /* Release */,
			);
			defaultConfigurationIsVisible = 0;
			defaultConfigurationName = Release;
		};
/* End XCConfigurationList section */
	};
	rootObject = 2518B1431C80633100ED84A8 /* Project object */;
}
